
Microsoft Visual Studio Solution File, Format Version 12.00
# Visual Studio Version 16
VisualStudioVersion = 16.0.31112.23
MinimumVisualStudioVersion = 10.0.40219.1
Project("{FAE04EC0-301F-11D3-BF4B-00C04F79EFBC}") = "MISA.eShop.WebApp", "MISA.eShop.WebApp\MISA.eShop.WebApp.csproj", "{0E6840F8-8762-4967-99F9-FD26895D23D1}"
EndProject
Global
	GlobalSection(SolutionConfigurationPlatforms) = preSolution
		Debug|Any CPU = Debug|Any CPU
		Release|Any CPU = Release|Any CPU
	EndGlobalSection
	GlobalSection(ProjectConfigurationPlatforms) = postSolution
		{0E6840F8-8762-4967-99F9-FD26895D23D1}.Debug|Any CPU.ActiveCfg = Debug|Any CPU
		{0E6840F8-8762-4967-99F9-FD26895D23D1}.Debug|Any CPU.Build.0 = Debug|Any CPU
		{0E6840F8-8762-4967-99F9-FD26895D23D1}.Release|Any CPU.ActiveCfg = Release|Any CPU
		{0E6840F8-8762-4967-99F9-FD26895D23D1}.Release|Any CPU.Build.0 = Release|Any CPU
	EndGlobalSection
	GlobalSection(SolutionProperties) = preSolution
		HideSolutionNode = FALSE
	EndGlobalSection
	GlobalSection(ExtensibilityGlobals) = postSolution
		SolutionGuid = {A90EE469-2C16-49FC-B936-7DB55AD25E09}
	EndGlobalSection
EndGlobal
