
Microsoft Visual Studio Solution File, Format Version 12.00
# Visual Studio Version 16
VisualStudioVersion = 16.0.31019.35
MinimumVisualStudioVersion = 10.0.40219.1
Project("{FAE04EC0-301F-11D3-BF4B-00C04F79EFBC}") = "MISA.CukCuk.Api", "MISA.CukCuk.Api\MISA.CukCuk.Api.csproj", "{AEE92BFD-1437-4119-A609-8C451762CC1C}"
EndProject
Global
	GlobalSection(SolutionConfigurationPlatforms) = preSolution
		Debug|Any CPU = Debug|Any CPU
		Release|Any CPU = Release|Any CPU
	EndGlobalSection
	GlobalSection(ProjectConfigurationPlatforms) = postSolution
		{AEE92BFD-1437-4119-A609-8C451762CC1C}.Debug|Any CPU.ActiveCfg = Debug|Any CPU
		{AEE92BFD-1437-4119-A609-8C451762CC1C}.Debug|Any CPU.Build.0 = Debug|Any CPU
		{AEE92BFD-1437-4119-A609-8C451762CC1C}.Release|Any CPU.ActiveCfg = Release|Any CPU
		{AEE92BFD-1437-4119-A609-8C451762CC1C}.Release|Any CPU.Build.0 = Release|Any CPU
	EndGlobalSection
	GlobalSection(SolutionProperties) = preSolution
		HideSolutionNode = FALSE
	EndGlobalSection
	GlobalSection(ExtensibilityGlobals) = postSolution
		SolutionGuid = {2EAD1E1F-BAFC-4698-A3BC-A5CE9947717D}
	EndGlobalSection
EndGlobal
